
Microsoft Visual Studio Solution File, Format Version 12.00
# Visual Studio Version 17
VisualStudioVersion = 17.3.32819.101
MinimumVisualStudioVersion = 10.0.40219.1
Project("{9A19103F-16F7-4668-BE54-9A1E7A4F7556}") = "MinDiagnose", "AppDiagnose\MinDiagnose.csproj", "{54877240-906D-40EB-8D2D-F6AA564FBFFE}"
EndProject
Global
	GlobalSection(SolutionConfigurationPlatforms) = preSolution
		Debug|Any CPU = Debug|Any CPU
		Release|Any CPU = Release|Any CPU
	EndGlobalSection
	GlobalSection(ProjectConfigurationPlatforms) = postSolution
		{54877240-906D-40EB-8D2D-F6AA564FBFFE}.Debug|Any CPU.ActiveCfg = Debug|Any CPU
		{54877240-906D-40EB-8D2D-F6AA564FBFFE}.Debug|Any CPU.Build.0 = Debug|Any CPU
		{54877240-906D-40EB-8D2D-F6AA564FBFFE}.Release|Any CPU.ActiveCfg = Release|Any CPU
		{54877240-906D-40EB-8D2D-F6AA564FBFFE}.Release|Any CPU.Build.0 = Release|Any CPU
	EndGlobalSection
	GlobalSection(SolutionProperties) = preSolution
		HideSolutionNode = FALSE
	EndGlobalSection
	GlobalSection(ExtensibilityGlobals) = postSolution
		SolutionGuid = {3FC4C7C8-254A-4641-A2E4-8970EF6B0E1C}
	EndGlobalSection
EndGlobal
